
Microsoft Visual Studio Solution File, Format Version 12.00
# Visual Studio Version 16
VisualStudioVersion = 16.0.30907.101
MinimumVisualStudioVersion = 10.0.40219.1
Project("{FAE04EC0-301F-11D3-BF4B-00C04F79EFBC}") = "Naukri", "Naukri\Naukri.csproj", "{29B69097-2E52-44D0-BB1A-5FF1D1F0FD9A}"
EndProject
Global
	GlobalSection(SolutionConfigurationPlatforms) = preSolution
		Debug|Any CPU = Debug|Any CPU
		Release|Any CPU = Release|Any CPU
	EndGlobalSection
	GlobalSection(ProjectConfigurationPlatforms) = postSolution
		{29B69097-2E52-44D0-BB1A-5FF1D1F0FD9A}.Debug|Any CPU.ActiveCfg = Debug|Any CPU
		{29B69097-2E52-44D0-BB1A-5FF1D1F0FD9A}.Debug|Any CPU.Build.0 = Debug|Any CPU
		{29B69097-2E52-44D0-BB1A-5FF1D1F0FD9A}.Release|Any CPU.ActiveCfg = Release|Any CPU
		{29B69097-2E52-44D0-BB1A-5FF1D1F0FD9A}.Release|Any CPU.Build.0 = Release|Any CPU
	EndGlobalSection
	GlobalSection(SolutionProperties) = preSolution
		HideSolutionNode = FALSE
	EndGlobalSection
	GlobalSection(ExtensibilityGlobals) = postSolution
		SolutionGuid = {44CE9BEF-6762-4C86-AFB2-F98453F70112}
	EndGlobalSection
EndGlobal
